
Microsoft Visual Studio Solution File, Format Version 12.00
Project("{FAE04EC0-301F-11D3-BF4B-00C04F79EFBC}") = "HospiceApp", "HospiceApp\HospiceApp.csproj", "{F61AB9C9-91FD-4323-B2CD-A5EA864B77FF}"
EndProject
Global
	GlobalSection(SolutionConfigurationPlatforms) = preSolution
		Debug|Any CPU = Debug|Any CPU
		Release|Any CPU = Release|Any CPU
	EndGlobalSection
	GlobalSection(ProjectConfigurationPlatforms) = postSolution
		{F61AB9C9-91FD-4323-B2CD-A5EA864B77FF}.Debug|Any CPU.ActiveCfg = Debug|Any CPU
		{F61AB9C9-91FD-4323-B2CD-A5EA864B77FF}.Debug|Any CPU.Build.0 = Debug|Any CPU
		{F61AB9C9-91FD-4323-B2CD-A5EA864B77FF}.Release|Any CPU.ActiveCfg = Release|Any CPU
		{F61AB9C9-91FD-4323-B2CD-A5EA864B77FF}.Release|Any CPU.Build.0 = Release|Any CPU
	EndGlobalSection
EndGlobal
